
Microsoft Visual Studio Solution File, Format Version 12.00
# Visual Studio Version 17
VisualStudioVersion = 17.4.33403.182
MinimumVisualStudioVersion = 10.0.40219.1
Project("{FAE04EC0-301F-11D3-BF4B-00C04F79EFBC}") = "FirstTack", "FirstTack\FirstTack.csproj", "{CEC60B64-1284-4486-BA51-A5FE6A141650}"
EndProject
Project("{FAE04EC0-301F-11D3-BF4B-00C04F79EFBC}") = "SecondTask", "SecondTask\SecondTask.csproj", "{714DC631-3182-4970-9C6D-32076D5C5CC4}"
EndProject
Global
	GlobalSection(SolutionConfigurationPlatforms) = preSolution
		Debug|Any CPU = Debug|Any CPU
		Release|Any CPU = Release|Any CPU
	EndGlobalSection
	GlobalSection(ProjectConfigurationPlatforms) = postSolution
		{CEC60B64-1284-4486-BA51-A5FE6A141650}.Debug|Any CPU.ActiveCfg = Debug|Any CPU
		{CEC60B64-1284-4486-BA51-A5FE6A141650}.Debug|Any CPU.Build.0 = Debug|Any CPU
		{CEC60B64-1284-4486-BA51-A5FE6A141650}.Release|Any CPU.ActiveCfg = Release|Any CPU
		{CEC60B64-1284-4486-BA51-A5FE6A141650}.Release|Any CPU.Build.0 = Release|Any CPU
		{714DC631-3182-4970-9C6D-32076D5C5CC4}.Debug|Any CPU.ActiveCfg = Debug|Any CPU
		{714DC631-3182-4970-9C6D-32076D5C5CC4}.Debug|Any CPU.Build.0 = Debug|Any CPU
		{714DC631-3182-4970-9C6D-32076D5C5CC4}.Release|Any CPU.ActiveCfg = Release|Any CPU
		{714DC631-3182-4970-9C6D-32076D5C5CC4}.Release|Any CPU.Build.0 = Release|Any CPU
	EndGlobalSection
	GlobalSection(SolutionProperties) = preSolution
		HideSolutionNode = FALSE
	EndGlobalSection
	GlobalSection(ExtensibilityGlobals) = postSolution
		SolutionGuid = {E7AF253A-9A79-4597-9DC1-DFE3015210BB}
	EndGlobalSection
EndGlobal
